
Microsoft Visual Studio Solution File, Format Version 12.00
# Visual Studio Version 16
VisualStudioVersion = 16.0.31025.194
MinimumVisualStudioVersion = 10.0.40219.1
Project("{FAE04EC0-301F-11D3-BF4B-00C04F79EFBC}") = "Binary_Search", "Binary_Search\Binary_Search.csproj", "{FAB2CCCE-F2D0-4386-B204-799A29552EF9}"
EndProject
Global
	GlobalSection(SolutionConfigurationPlatforms) = preSolution
		Debug|Any CPU = Debug|Any CPU
		Release|Any CPU = Release|Any CPU
	EndGlobalSection
	GlobalSection(ProjectConfigurationPlatforms) = postSolution
		{FAB2CCCE-F2D0-4386-B204-799A29552EF9}.Debug|Any CPU.ActiveCfg = Debug|Any CPU
		{FAB2CCCE-F2D0-4386-B204-799A29552EF9}.Debug|Any CPU.Build.0 = Debug|Any CPU
		{FAB2CCCE-F2D0-4386-B204-799A29552EF9}.Release|Any CPU.ActiveCfg = Release|Any CPU
		{FAB2CCCE-F2D0-4386-B204-799A29552EF9}.Release|Any CPU.Build.0 = Release|Any CPU
	EndGlobalSection
	GlobalSection(SolutionProperties) = preSolution
		HideSolutionNode = FALSE
	EndGlobalSection
	GlobalSection(ExtensibilityGlobals) = postSolution
		SolutionGuid = {B5C41D41-B568-4B43-8797-04FBE884AD13}
	EndGlobalSection
EndGlobal
